
Microsoft Visual Studio Solution File, Format Version 11.00
# Visual Studio 2010
Project("{8BC9CEB8-8B4A-11D0-8D11-00A0C91BC942}") = "MemoryManager", "MemoryManager\MemoryManager.vcxproj", "{D1B3B242-3E50-4239-B6DD-1BC400667CCF}"
EndProject
Global
	GlobalSection(SolutionConfigurationPlatforms) = preSolution
		Debug|Win32 = Debug|Win32
		Release|Win32 = Release|Win32
	EndGlobalSection
	GlobalSection(ProjectConfigurationPlatforms) = postSolution
		{D1B3B242-3E50-4239-B6DD-1BC400667CCF}.Debug|Win32.ActiveCfg = Debug|Win32
		{D1B3B242-3E50-4239-B6DD-1BC400667CCF}.Debug|Win32.Build.0 = Debug|Win32
		{D1B3B242-3E50-4239-B6DD-1BC400667CCF}.Release|Win32.ActiveCfg = Release|Win32
		{D1B3B242-3E50-4239-B6DD-1BC400667CCF}.Release|Win32.Build.0 = Release|Win32
	EndGlobalSection
	GlobalSection(SolutionProperties) = preSolution
		HideSolutionNode = FALSE
	EndGlobalSection
EndGlobal
