<?xml version="1.0" encoding="utf-8"?>
<Project ToolsVersion="4.0" xmlns="http://schemas.microsoft.com/developer/msbuild/2003">
  <ItemGroup>
    <Filter Include="SmartPointers">
      <UniqueIdentifier>{daa69cb0-ff00-4c35-9f99-435a427d2c65}</UniqueIdentifier>
    </Filter>
    <Filter Include="Allocators">
      <UniqueIdentifier>{345e349e-d0bd-4efa-a963-13c2996d8d79}</UniqueIdentifier>
    </Filter>
    <Filter Include="High-Level MM">
      <UniqueIdentifier>{881e7f02-da47-478e-875e-76e45a6ce053}</UniqueIdentifier>
    </Filter>
    <Filter Include="Utilities">
      <UniqueIdentifier>{229d9fa7-84bc-4b5e-b60c-6065b8f56eed}</UniqueIdentifier>
    </Filter>
    <Filter Include="Interfaces">
      <UniqueIdentifier>{b0f4347c-3d57-4e23-b432-cdea2f105a7c}</UniqueIdentifier>
    </Filter>
  </ItemGroup>
  <ItemGroup>
    <ClInclude Include="MMSmartPointers.h">
      <Filter>SmartPointers</Filter>
    </ClInclude>
    <ClInclude Include="MMRefLinkedPtr.h">
      <Filter>SmartPointers</Filter>
    </ClInclude>
    <ClInclude Include="MMRefCountedPtr.h">
      <Filter>SmartPointers</Filter>
    </ClInclude>
    <ClInclude Include="MMOwnedPtr.h">
      <Filter>SmartPointers</Filter>
    </ClInclude>
    <ClInclude Include="MMDeepCopyPtr.h">
      <Filter>SmartPointers</Filter>
    </ClInclude>
    <ClInclude Include="MMCopyOnWritePtr.h">
      <Filter>SmartPointers</Filter>
    </ClInclude>
    <ClInclude Include="MemoryManager.h">
      <Filter>High-Level MM</Filter>
    </ClInclude>
    <ClInclude Include="MMAllocationTable.h">
      <Filter>High-Level MM</Filter>
    </ClInclude>
    <ClInclude Include="MMCreateOnAccessPtr.h">
      <Filter>SmartPointers</Filter>
    </ClInclude>
    <ClInclude Include="MMLockPoliclies.h">
      <Filter>Utilities</Filter>
    </ClInclude>
    <ClInclude Include="MMSingletonHolder.h">
      <Filter>Utilities</Filter>
    </ClInclude>
    <ClInclude Include="MMChunkInterface.h">
      <Filter>Interfaces</Filter>
    </ClInclude>
    <ClInclude Include="MMAllocatorInterface.h">
      <Filter>Interfaces</Filter>
    </ClInclude>
    <ClInclude Include="MMFixedSizeAlloc.h">
      <Filter>Allocators</Filter>
    </ClInclude>
    <ClInclude Include="MMSmallObjectAllocator.h">
      <Filter>Allocators</Filter>
    </ClInclude>
    <ClInclude Include="MMSmallObjectAlloc.h">
      <Filter>Allocators</Filter>
    </ClInclude>
    <ClInclude Include="MMGenericObjectAllocator.h">
      <Filter>Allocators</Filter>
    </ClInclude>
  </ItemGroup>
  <ItemGroup>
    <ClCompile Include="main.cpp" />
    <ClCompile Include="MMFixedSizeAlloc.cpp">
      <Filter>Allocators</Filter>
    </ClCompile>
    <ClCompile Include="MMSmallObjectAlloc.cpp">
      <Filter>Allocators</Filter>
    </ClCompile>
  </ItemGroup>
  <ItemGroup>
    <None Include="TODO.txt" />
    <None Include="..\hw4-Memory-Manager.txt" />
  </ItemGroup>
</Project>