<?xml version="1.0" encoding="utf-8"?>
<Project ToolsVersion="4.0" xmlns="http://schemas.microsoft.com/developer/msbuild/2003">
  <ItemGroup>
    <Filter Include="SmartPointers">
      <UniqueIdentifier>{daa69cb0-ff00-4c35-9f99-435a427d2c65}</UniqueIdentifier>
    </Filter>
    <Filter Include="Allocators">
      <UniqueIdentifier>{345e349e-d0bd-4efa-a963-13c2996d8d79}</UniqueIdentifier>
    </Filter>
    <Filter Include="High-Level MM">
      <UniqueIdentifier>{881e7f02-da47-478e-875e-76e45a6ce053}</UniqueIdentifier>
    </Filter>
    <Filter Include="Utilities">
      <UniqueIdentifier>{229d9fa7-84bc-4b5e-b60c-6065b8f56eed}</UniqueIdentifier>
    </Filter>
    <Filter Include="Interfaces">
      <UniqueIdentifier>{b0f4347c-3d57-4e23-b432-cdea2f105a7c}</UniqueIdentifier>
    </Filter>
    <Filter Include="Data structres">
      <UniqueIdentifier>{9f5f6f67-abd9-4691-a1b1-7121d630588d}</UniqueIdentifier>
    </Filter>
    <Filter Include="Test">
      <UniqueIdentifier>{e9b9b03c-4520-447b-8e09-a4c9bb028770}</UniqueIdentifier>
    </Filter>
    <Filter Include="AllocPolicies">
      <UniqueIdentifier>{87ae4dc3-efda-4083-9bee-9e39807c38dd}</UniqueIdentifier>
    </Filter>
    <Filter Include="STL Allocators">
      <UniqueIdentifier>{57f9c2a9-81d5-4d88-b153-032ae163b399}</UniqueIdentifier>
    </Filter>
  </ItemGroup>
  <ItemGroup>
    <ClInclude Include="MMSmartPointers.h">
      <Filter>SmartPointers</Filter>
    </ClInclude>
    <ClInclude Include="MMRefLinkedPtr.h">
      <Filter>SmartPointers</Filter>
    </ClInclude>
    <ClInclude Include="MMRefCountedPtr.h">
      <Filter>SmartPointers</Filter>
    </ClInclude>
    <ClInclude Include="MMOwnedPtr.h">
      <Filter>SmartPointers</Filter>
    </ClInclude>
    <ClInclude Include="MMDeepCopyPtr.h">
      <Filter>SmartPointers</Filter>
    </ClInclude>
    <ClInclude Include="MMCopyOnWritePtr.h">
      <Filter>SmartPointers</Filter>
    </ClInclude>
    <ClInclude Include="MemoryManager.h">
      <Filter>High-Level MM</Filter>
    </ClInclude>
    <ClInclude Include="MMAllocationTable.h">
      <Filter>High-Level MM</Filter>
    </ClInclude>
    <ClInclude Include="MMCreateOnAccessPtr.h">
      <Filter>SmartPointers</Filter>
    </ClInclude>
    <ClInclude Include="MMLockPoliclies.h">
      <Filter>Utilities</Filter>
    </ClInclude>
    <ClInclude Include="MMSingletonHolder.h">
      <Filter>Utilities</Filter>
    </ClInclude>
    <ClInclude Include="MMChunkInterface.h">
      <Filter>Interfaces</Filter>
    </ClInclude>
    <ClInclude Include="MMAllocatorInterface.h">
      <Filter>Interfaces</Filter>
    </ClInclude>
    <ClInclude Include="MMFixedSizeAlloc.h">
      <Filter>Allocators</Filter>
    </ClInclude>
    <ClInclude Include="MMSmallObjectAllocator.h">
      <Filter>Allocators</Filter>
    </ClInclude>
    <ClInclude Include="MMSmallObjectAlloc.h">
      <Filter>Allocators</Filter>
    </ClInclude>
    <ClInclude Include="MMTrackableChunkHolderInterface.h">
      <Filter>Interfaces</Filter>
    </ClInclude>
    <ClInclude Include="MMRBTree.h">
      <Filter>Data structres</Filter>
    </ClInclude>
    <ClInclude Include="MMSingleObjectAlloc.h">
      <Filter>Allocators</Filter>
    </ClInclude>
    <ClInclude Include="MMSingleObjectAlloc.templates.h">
      <Filter>Allocators</Filter>
    </ClInclude>
    <ClInclude Include="MMSingleObjectAllocator.h">
      <Filter>Allocators</Filter>
    </ClInclude>
    <ClInclude Include="Timer.h">
      <Filter>Test</Filter>
    </ClInclude>
    <ClInclude Include="MMAllocationTracker.h">
      <Filter>Utilities</Filter>
    </ClInclude>
    <ClInclude Include="MMConfig.h">
      <Filter>High-Level MM</Filter>
    </ClInclude>
    <ClInclude Include="MMPreprocDirectives.h">
      <Filter>High-Level MM</Filter>
    </ClInclude>
    <ClInclude Include="MMSmallObjectAlloc.templates.h">
      <Filter>Allocators</Filter>
    </ClInclude>
    <ClInclude Include="MMGenericObjectAllocator.h">
      <Filter>Allocators</Filter>
    </ClInclude>
    <ClInclude Include="MMGenericObjectAlloc.h">
      <Filter>Allocators</Filter>
    </ClInclude>
    <ClInclude Include="MMAllocatedObject.h">
      <Filter>Utilities</Filter>
    </ClInclude>
    <ClInclude Include="MMGeneralAllocPolicy.h">
      <Filter>AllocPolicies</Filter>
    </ClInclude>
    <ClInclude Include="MMStackAllocator.h">
      <Filter>STL Allocators</Filter>
    </ClInclude>
    <ClInclude Include="MMSTLAllocator.h">
      <Filter>STL Allocators</Filter>
    </ClInclude>
    <ClInclude Include="MMGeneralAlignedAllocPolicy.h">
      <Filter>AllocPolicies</Filter>
    </ClInclude>
  </ItemGroup>
  <ItemGroup>
    <ClCompile Include="main.cpp" />
    <ClCompile Include="MMFixedSizeAlloc.cpp">
      <Filter>Allocators</Filter>
    </ClCompile>
  </ItemGroup>
  <ItemGroup>
    <None Include="..\hw4-Memory-Manager.txt" />
    <None Include="README.txt" />
  </ItemGroup>
</Project>